{
  "requires": true,
  "lockfileVersion": 1,
  "dependencies": {
    "@vue/devtools-api": {
      "version": "6.1.4",
      "resolved": "https://repo.huaweicloud.com/repository/npm/@vue/devtools-api/-/devtools-api-6.1.4.tgz",
      "integrity": "sha512-IiA0SvDrJEgXvVxjNkHPFfDx6SXw0b/TUkqMcDZWNg9fnCAHbTpoo59YfJ9QLFkwa3raau5vSlRVzMSLDnfdtQ=="
    },
    "uview-ui": {
      "version": "2.0.30",
      "resolved": "https://repo.huaweicloud.com/repository/npm/uview-ui/-/uview-ui-2.0.30.tgz",
      "integrity": "sha512-hRl+QDh13O75c59Ddhbu8nifMRukUTEitjzFFo7eZqTwmAEZQ2J1+Fn5S4ZpwVyGupQLfvGbv8Q4ps4oyBGj+g=="
    },
    "vuex": {
      "version": "4.0.2",
      "resolved": "https://repo.huaweicloud.com/repository/npm/vuex/-/vuex-4.0.2.tgz",
      "integrity": "sha512-M6r8uxELjZIK8kTKDGgZTYX/ahzblnzC4isU1tpmEuOIIKmV+TRdc+H4s8ds2NuZ7wpUTdGRzJRtoj+lI+pc0Q==",
      "requires": {
        "@vue/devtools-api": "^6.0.0-beta.11"
      }
    }
  }
}
